
Microsoft Visual Studio Solution File, Format Version 12.00
# Visual Studio Version 16
VisualStudioVersion = 16.0.32228.343
MinimumVisualStudioVersion = 10.0.40219.1
Project("{FAE04EC0-301F-11D3-BF4B-00C04F79EFBC}") = "EmployeePayRoll_MVC", "EmployeePayRoll_MVC.csproj", "{004B2DCE-010C-4A9E-9151-908CE648EF84}"
EndProject
Project("{FAE04EC0-301F-11D3-BF4B-00C04F79EFBC}") = "CommonLayer", "..\CommonLayer\CommonLayer.csproj", "{02C645BD-26D2-494B-B407-C50A8B977121}"
EndProject
Project("{FAE04EC0-301F-11D3-BF4B-00C04F79EFBC}") = "BusinessLayer", "..\BusinessLayer\BusinessLayer.csproj", "{3C26466A-2AB8-4F3B-8B53-E120AA03F4D6}"
EndProject
Project("{FAE04EC0-301F-11D3-BF4B-00C04F79EFBC}") = "RepositoryLayer", "..\RepositoryLayer\RepositoryLayer.csproj", "{A320116C-4C75-4175-8E26-CD746E3D2350}"
EndProject
Global
	GlobalSection(SolutionConfigurationPlatforms) = preSolution
		Debug|Any CPU = Debug|Any CPU
		Release|Any CPU = Release|Any CPU
	EndGlobalSection
	GlobalSection(ProjectConfigurationPlatforms) = postSolution
		{004B2DCE-010C-4A9E-9151-908CE648EF84}.Debug|Any CPU.ActiveCfg = Debug|Any CPU
		{004B2DCE-010C-4A9E-9151-908CE648EF84}.Debug|Any CPU.Build.0 = Debug|Any CPU
		{004B2DCE-010C-4A9E-9151-908CE648EF84}.Release|Any CPU.ActiveCfg = Release|Any CPU
		{004B2DCE-010C-4A9E-9151-908CE648EF84}.Release|Any CPU.Build.0 = Release|Any CPU
		{02C645BD-26D2-494B-B407-C50A8B977121}.Debug|Any CPU.ActiveCfg = Debug|Any CPU
		{02C645BD-26D2-494B-B407-C50A8B977121}.Debug|Any CPU.Build.0 = Debug|Any CPU
		{02C645BD-26D2-494B-B407-C50A8B977121}.Release|Any CPU.ActiveCfg = Release|Any CPU
		{02C645BD-26D2-494B-B407-C50A8B977121}.Release|Any CPU.Build.0 = Release|Any CPU
		{3C26466A-2AB8-4F3B-8B53-E120AA03F4D6}.Debug|Any CPU.ActiveCfg = Debug|Any CPU
		{3C26466A-2AB8-4F3B-8B53-E120AA03F4D6}.Debug|Any CPU.Build.0 = Debug|Any CPU
		{3C26466A-2AB8-4F3B-8B53-E120AA03F4D6}.Release|Any CPU.ActiveCfg = Release|Any CPU
		{3C26466A-2AB8-4F3B-8B53-E120AA03F4D6}.Release|Any CPU.Build.0 = Release|Any CPU
		{A320116C-4C75-4175-8E26-CD746E3D2350}.Debug|Any CPU.ActiveCfg = Debug|Any CPU
		{A320116C-4C75-4175-8E26-CD746E3D2350}.Debug|Any CPU.Build.0 = Debug|Any CPU
		{A320116C-4C75-4175-8E26-CD746E3D2350}.Release|Any CPU.ActiveCfg = Release|Any CPU
		{A320116C-4C75-4175-8E26-CD746E3D2350}.Release|Any CPU.Build.0 = Release|Any CPU
	EndGlobalSection
	GlobalSection(SolutionProperties) = preSolution
		HideSolutionNode = FALSE
	EndGlobalSection
	GlobalSection(ExtensibilityGlobals) = postSolution
		SolutionGuid = {5DED7D9C-7B67-41F9-A1C2-9EBA7D50DF03}
	EndGlobalSection
EndGlobal
